
Microsoft Visual Studio Solution File, Format Version 12.00
# Visual Studio Version 17
VisualStudioVersion = 17.14.36121.58
MinimumVisualStudioVersion = 10.0.40219.1
Project("{FAE04EC0-301F-11D3-BF4B-00C04F79EFBC}") = "ShinobiSHift_Game", "ShinobiSHift_Game\ShinobiSHift_Game.csproj", "{BEF78953-8919-46B4-8DA5-71071005EFD6}"
EndProject
Project("{2150E333-8FDC-42A3-9474-1A3956D46DE8}") = "ソリューション項目", "ソリューション項目", "{2022CB0F-8BAF-F49E-0C48-8EF4C96EC109}"
EndProject
Global
	GlobalSection(SolutionConfigurationPlatforms) = preSolution
		Debug|Any CPU = Debug|Any CPU
		Release|Any CPU = Release|Any CPU
	EndGlobalSection
	GlobalSection(ProjectConfigurationPlatforms) = postSolution
		{BEF78953-8919-46B4-8DA5-71071005EFD6}.Debug|Any CPU.ActiveCfg = Debug|Any CPU
		{BEF78953-8919-46B4-8DA5-71071005EFD6}.Debug|Any CPU.Build.0 = Debug|Any CPU
		{BEF78953-8919-46B4-8DA5-71071005EFD6}.Release|Any CPU.ActiveCfg = Release|Any CPU
		{BEF78953-8919-46B4-8DA5-71071005EFD6}.Release|Any CPU.Build.0 = Release|Any CPU
	EndGlobalSection
	GlobalSection(SolutionProperties) = preSolution
		HideSolutionNode = FALSE
	EndGlobalSection
	GlobalSection(ExtensibilityGlobals) = postSolution
		SolutionGuid = {10563BFE-C0FB-4060-AB52-879884C49420}
	EndGlobalSection
EndGlobal
